
Microsoft Visual Studio Solution File, Format Version 12.00
# Visual Studio Version 17
VisualStudioVersion = 17.4.33213.308
MinimumVisualStudioVersion = 10.0.40219.1
Project("{FAE04EC0-301F-11D3-BF4B-00C04F79EFBC}") = "CommandsService", "CommandsService.csproj", "{38D20BFB-6378-4ABF-9F10-487ACD8A078F}"
EndProject
Global
	GlobalSection(SolutionConfigurationPlatforms) = preSolution
		Debug|Any CPU = Debug|Any CPU
		Release|Any CPU = Release|Any CPU
	EndGlobalSection
	GlobalSection(ProjectConfigurationPlatforms) = postSolution
		{38D20BFB-6378-4ABF-9F10-487ACD8A078F}.Debug|Any CPU.ActiveCfg = Debug|Any CPU
		{38D20BFB-6378-4ABF-9F10-487ACD8A078F}.Debug|Any CPU.Build.0 = Debug|Any CPU
		{38D20BFB-6378-4ABF-9F10-487ACD8A078F}.Release|Any CPU.ActiveCfg = Release|Any CPU
		{38D20BFB-6378-4ABF-9F10-487ACD8A078F}.Release|Any CPU.Build.0 = Release|Any CPU
	EndGlobalSection
	GlobalSection(SolutionProperties) = preSolution
		HideSolutionNode = FALSE
	EndGlobalSection
	GlobalSection(ExtensibilityGlobals) = postSolution
		SolutionGuid = {FDFBDBD4-DEC8-45BD-9551-6F3D8B81AE65}
	EndGlobalSection
EndGlobal
